
Microsoft Visual Studio Solution File, Format Version 12.00
# Visual Studio 15
VisualStudioVersion = 15.0.27428.2015
MinimumVisualStudioVersion = 10.0.40219.1
Project("{8BC9CEB8-8B4A-11D0-8D11-00A0C91BC942}") = "Postfix", "Postfix\Postfix.vcxproj", "{60BFE3E6-3A25-4D5D-B96E-48ED01FD282F}"
EndProject
Global
	GlobalSection(SolutionConfigurationPlatforms) = preSolution
		Debug|x64 = Debug|x64
		Debug|x86 = Debug|x86
		Release|x64 = Release|x64
		Release|x86 = Release|x86
	EndGlobalSection
	GlobalSection(ProjectConfigurationPlatforms) = postSolution
		{60BFE3E6-3A25-4D5D-B96E-48ED01FD282F}.Debug|x64.ActiveCfg = Debug|x64
		{60BFE3E6-3A25-4D5D-B96E-48ED01FD282F}.Debug|x64.Build.0 = Debug|x64
		{60BFE3E6-3A25-4D5D-B96E-48ED01FD282F}.Debug|x86.ActiveCfg = Debug|Win32
		{60BFE3E6-3A25-4D5D-B96E-48ED01FD282F}.Debug|x86.Build.0 = Debug|Win32
		{60BFE3E6-3A25-4D5D-B96E-48ED01FD282F}.Release|x64.ActiveCfg = Release|x64
		{60BFE3E6-3A25-4D5D-B96E-48ED01FD282F}.Release|x64.Build.0 = Release|x64
		{60BFE3E6-3A25-4D5D-B96E-48ED01FD282F}.Release|x86.ActiveCfg = Release|Win32
		{60BFE3E6-3A25-4D5D-B96E-48ED01FD282F}.Release|x86.Build.0 = Release|Win32
	EndGlobalSection
	GlobalSection(SolutionProperties) = preSolution
		HideSolutionNode = FALSE
	EndGlobalSection
	GlobalSection(ExtensibilityGlobals) = postSolution
		SolutionGuid = {9DB025DC-C006-4DEE-8CC0-76B6CD0E53BD}
	EndGlobalSection
EndGlobal
